lockfileVersion: '6.0'

settings:
  autoInstallPeers: true
  excludeLinksFromLockfile: false

dependencies:
  shepherd.js:
    specifier: 12.0.2
    version: 12.0.2

packages:

  /@floating-ui/core@1.6.2:
    resolution: {integrity: sha512-+2XpQV9LLZeanU4ZevzRnGFg2neDeKHgFLjP6YLW+tly0IvrhqT4u8enLGjLH3qeh85g19xY5rsAusfwTdn5lg==}
    dependencies:
      '@floating-ui/utils': 0.2.2
    dev: false

  /@floating-ui/dom@1.6.5:
    resolution: {integrity: sha512-Nsdud2X65Dz+1RHjAIP0t8z5e2ff/IRbei6BqFrl1urT8sDVzM1HMQ+R0XcU5ceRfyO3I6ayeqIfh+6Wb8LGTw==}
    dependencies:
      '@floating-ui/core': 1.6.2
      '@floating-ui/utils': 0.2.2
    dev: false

  /@floating-ui/utils@0.2.2:
    resolution: {integrity: sha512-J4yDIIthosAsRZ5CPYP/jQvUAQtlZTTD/4suA08/FEnlxqW3sKS9iAhgsa9VYLZ6vDHn/ixJgIqRQPotoBjxIw==}
    dev: false

  /deepmerge-ts@5.1.0:
    resolution: {integrity: sha512-eS8dRJOckyo9maw9Tu5O5RUi/4inFLrnoLkBe3cPfDMx3WZioXtmOew4TXQaxq7Rhl4xjDtR7c6x8nNTxOvbFw==}
    engines: {node: '>=16.0.0'}
    dev: false

  /idb@8.0.0:
    resolution: {integrity: sha512-l//qvlAKGmQO31Qn7xdzagVPPaHTxXx199MhrAFuVBTPqydcPYBWjkrbv4Y0ktB+GmWOiwHl237UUOrLmQxLvw==}
    dev: false

  /shepherd.js@12.0.2:
    resolution: {integrity: sha512-39+ggaA0HZaylmtNmibvZVVMGT0hhSdZqdNMPFNCkVR+m+a/h+Hte7TCRxoBvOLtagxz72LHgi4aJJDpFoWNtw==}
    engines: {node: 18.* || >= 20}
    dependencies:
      '@floating-ui/dom': 1.6.5
      deepmerge-ts: 5.1.0
      idb: 8.0.0
    dev: false
